// !$*UTF8*$!
{
	archiveVersion = 1;
	classes = {
	};
	objectVersion = 56;
	objects = {

/* Begin PBXBuildFile section */
		EE98E2922D92A9E000E6CCC4 /* WatchMeLaterApp.swift in Sources */ = {isa = PBXBuildFile; fileRef = EE98E2912D92A9E000E6CCC4 /* WatchMeLaterApp.swift */; };
		EE98E2942D92A9E000E6CCC4 /* ContentView.swift in Sources */ = {isa = PBXBuildFile; fileRef = EE98E2932D92A9E000E6CCC4 /* ContentView.swift */; };
		EE98E2962D92A9E200E6CCC4 /* Assets.xcassets in Resources */ = {isa = PBXBuildFile; fileRef = EE98E2952D92A9E200E6CCC4 /* Assets.xcassets */; };
		EE98E2992D92A9E200E6CCC4 /* Preview Assets.xcassets in Resources */ = {isa = PBXBuildFile; fileRef = EE98E2982D92A9E200E6CCC4 /* Preview Assets.xcassets */; };
		EE98E2A42D92ABF700E6CCC4 /* Genre.swift in Sources */ = {isa = PBXBuildFile; fileRef = EE98E2A32D92ABF700E6CCC4 /* Genre.swift */; };
		EE98E2A62D92ADF500E6CCC4 /* Movie.swift in Sources */ = {isa = PBXBuildFile; fileRef = EE98E2A52D92ADF500E6CCC4 /* Movie.swift */; };
		EE98E2A82D92B3A700E6CCC4 /* EmptyListView.swift in Sources */ = {isa = PBXBuildFile; fileRef = EE98E2A72D92B3A700E6CCC4 /* EmptyListView.swift */; };
		EE98E2AA2D92B5B300E6CCC4 /* PageTabView.swift in Sources */ = {isa = PBXBuildFile; fileRef = EE98E2A92D92B5B300E6CCC4 /* PageTabView.swift */; };
		EE98E2AC2D92C0F700E6CCC4 /* NewMovieFormView.swift in Sources */ = {isa = PBXBuildFile; fileRef = EE98E2AB2D92C0F700E6CCC4 /* NewMovieFormView.swift */; };
/* End PBXBuildFile section */

/* Begin PBXFileReference section */
		EE98E28E2D92A9E000E6CCC4 /* WatchMeLater.app */ = {isa = PBXFileReference; explicitFileType = wrapper.application; includeInIndex = 0; path = WatchMeLater.app; sourceTree = BUILT_PRODUCTS_DIR; };
		EE98E2912D92A9E000E6CCC4 /* WatchMeLaterApp.swift */ = {isa = PBXFileReference; lastKnownFileType = sourcecode.swift; path = WatchMeLaterApp.swift; sourceTree = "<group>"; };
		EE98E2932D92A9E000E6CCC4 /* ContentView.swift */ = {isa = PBXFileReference; lastKnownFileType = sourcecode.swift; path = ContentView.swift; sourceTree = "<group>"; };
		EE98E2952D92A9E200E6CCC4 /* Assets.xcassets */ = {isa = PBXFileReference; lastKnownFileType = folder.assetcatalog; path = Assets.xcassets; sourceTree = "<group>"; };
		EE98E2982D92A9E200E6CCC4 /* Preview Assets.xcassets */ = {isa = PBXFileReference; lastKnownFileType = folder.assetcatalog; path = "Preview Assets.xcassets"; sourceTree = "<group>"; };
		EE98E2A32D92ABF700E6CCC4 /* Genre.swift */ = {isa = PBXFileReference; lastKnownFileType = sourcecode.swift; path = Genre.swift; sourceTree = "<group>"; };
		EE98E2A52D92ADF500E6CCC4 /* Movie.swift */ = {isa = PBXFileReference; lastKnownFileType = sourcecode.swift; path = Movie.swift; sourceTree = "<group>"; };
		EE98E2A72D92B3A700E6CCC4 /* EmptyListView.swift */ = {isa = PBXFileReference; lastKnownFileType = sourcecode.swift; path = EmptyListView.swift; sourceTree = "<group>"; };
		EE98E2A92D92B5B300E6CCC4 /* PageTabView.swift */ = {isa = PBXFileReference; lastKnownFileType = sourcecode.swift; path = PageTabView.swift; sourceTree = "<group>"; };
		EE98E2AB2D92C0F700E6CCC4 /* NewMovieFormView.swift */ = {isa = PBXFileReference; lastKnownFileType = sourcecode.swift; name = NewMovieFormView.swift; path = ../../../../../.Trash/WatchMeLater/View/NewMovieFormView.swift; sourceTree = "<group>"; };
/* End PBXFileReference section */

/* Begin PBXFrameworksBuildPhase section */
		EE98E28B2D92A9E000E6CCC4 /* Frameworks */ = {
			isa = PBXFrameworksBuildPhase;
			buildActionMask = 2147483647;
			files = (
			);
			runOnlyForDeploymentPostprocessing = 0;
		};
/* End PBXFrameworksBuildPhase section */

/* Begin PBXGroup section */
		EE98E2852D92A9E000E6CCC4 = {
			isa = PBXGroup;
			children = (
				EE98E2902D92A9E000E6CCC4 /* WatchMeLater */,
				EE98E28F2D92A9E000E6CCC4 /* Products */,
			);
			sourceTree = "<group>";
		};
		EE98E28F2D92A9E000E6CCC4 /* Products */ = {
			isa = PBXGroup;
			children = (
				EE98E28E2D92A9E000E6CCC4 /* WatchMeLater.app */,
			);
			name = Products;
			sourceTree = "<group>";
		};
		EE98E2902D92A9E000E6CCC4 /* WatchMeLater */ = {
			isa = PBXGroup;
			children = (
				EE98E2A22D92AB8000E6CCC4 /* Utility */,
				EE98E2A12D92AB7600E6CCC4 /* Model */,
				EE98E2A02D92AB6800E6CCC4 /* Component */,
				EE98E29F2D92AB4700E6CCC4 /* View */,
				EE98E2912D92A9E000E6CCC4 /* WatchMeLaterApp.swift */,
				EE98E2952D92A9E200E6CCC4 /* Assets.xcassets */,
				EE98E2972D92A9E200E6CCC4 /* Preview Content */,
			);
			path = WatchMeLater;
			sourceTree = "<group>";
		};
		EE98E2972D92A9E200E6CCC4 /* Preview Content */ = {
			isa = PBXGroup;
			children = (
				EE98E2982D92A9E200E6CCC4 /* Preview Assets.xcassets */,
			);
			path = "Preview Content";
			sourceTree = "<group>";
		};
		EE98E29F2D92AB4700E6CCC4 /* View */ = {
			isa = PBXGroup;
			children = (
				EE98E2932D92A9E000E6CCC4 /* ContentView.swift */,
				EE98E2A72D92B3A700E6CCC4 /* EmptyListView.swift */,
				EE98E2AB2D92C0F700E6CCC4 /* NewMovieFormView.swift */,
			);
			path = View;
			sourceTree = "<group>";
		};
		EE98E2A02D92AB6800E6CCC4 /* Component */ = {
			isa = PBXGroup;
			children = (
				EE98E2A92D92B5B300E6CCC4 /* PageTabView.swift */,
			);
			path = Component;
			sourceTree = "<group>";
		};
		EE98E2A12D92AB7600E6CCC4 /* Model */ = {
			isa = PBXGroup;
			children = (
				EE98E2A52D92ADF500E6CCC4 /* Movie.swift */,
			);
			path = Model;
			sourceTree = "<group>";
		};
		EE98E2A22D92AB8000E6CCC4 /* Utility */ = {
			isa = PBXGroup;
			children = (
				EE98E2A32D92ABF700E6CCC4 /* Genre.swift */,
			);
			path = Utility;
			sourceTree = "<group>";
		};
/* End PBXGroup section */

/* Begin PBXNativeTarget section */
		EE98E28D2D92A9E000E6CCC4 /* WatchMeLater */ = {
			isa = PBXNativeTarget;
			buildConfigurationList = EE98E29C2D92A9E200E6CCC4 /* Build configuration list for PBXNativeTarget "WatchMeLater" */;
			buildPhases = (
				EE98E28A2D92A9E000E6CCC4 /* Sources */,
				EE98E28B2D92A9E000E6CCC4 /* Frameworks */,
				EE98E28C2D92A9E000E6CCC4 /* Resources */,
			);
			buildRules = (
			);
			dependencies = (
			);
			name = WatchMeLater;
			productName = WatchMeLater;
			productReference = EE98E28E2D92A9E000E6CCC4 /* WatchMeLater.app */;
			productType = "com.apple.product-type.application";
		};
/* End PBXNativeTarget section */

/* Begin PBXProject section */
		EE98E2862D92A9E000E6CCC4 /* Project object */ = {
			isa = PBXProject;
			attributes = {
				BuildIndependentTargetsInParallel = 1;
				LastSwiftUpdateCheck = 1540;
				LastUpgradeCheck = 1540;
				TargetAttributes = {
					EE98E28D2D92A9E000E6CCC4 = {
						CreatedOnToolsVersion = 15.4;
					};
				};
			};
			buildConfigurationList = EE98E2892D92A9E000E6CCC4 /* Build configuration list for PBXProject "WatchMeLater" */;
			compatibilityVersion = "Xcode 14.0";
			developmentRegion = en;
			hasScannedForEncodings = 0;
			knownRegions = (
				en,
				Base,
			);
			mainGroup = EE98E2852D92A9E000E6CCC4;
			productRefGroup = EE98E28F2D92A9E000E6CCC4 /* Products */;
			projectDirPath = "";
			projectRoot = "";
			targets = (
				EE98E28D2D92A9E000E6CCC4 /* WatchMeLater */,
			);
		};
/* End PBXProject section */

/* Begin PBXResourcesBuildPhase section */
		EE98E28C2D92A9E000E6CCC4 /* Resources */ = {
			isa = PBXResourcesBuildPhase;
			buildActionMask = 2147483647;
			files = (
				EE98E2992D92A9E200E6CCC4 /* Preview Assets.xcassets in Resources */,
				EE98E2962D92A9E200E6CCC4 /* Assets.xcassets in Resources */,
			);
			runOnlyForDeploymentPostprocessing = 0;
		};
/* End PBXResourcesBuildPhase section */

/* Begin PBXSourcesBuildPhase section */
		EE98E28A2D92A9E000E6CCC4 /* Sources */ = {
			isa = PBXSourcesBuildPhase;
			buildActionMask = 2147483647;
			files = (
				EE98E2A42D92ABF700E6CCC4 /* Genre.swift in Sources */,
				EE98E2942D92A9E000E6CCC4 /* ContentView.swift in Sources */,
				EE98E2A62D92ADF500E6CCC4 /* Movie.swift in Sources */,
				EE98E2AC2D92C0F700E6CCC4 /* NewMovieFormView.swift in Sources */,
				EE98E2922D92A9E000E6CCC4 /* WatchMeLaterApp.swift in Sources */,
				EE98E2A82D92B3A700E6CCC4 /* EmptyListView.swift in Sources */,
				EE98E2AA2D92B5B300E6CCC4 /* PageTabView.swift in Sources */,
			);
			runOnlyForDeploymentPostprocessing = 0;
		};
/* End PBXSourcesBuildPhase section */

/* Begin XCBuildConfiguration section */
		EE98E29A2D92A9E200E6CCC4 /* Debug */ = {
			isa = XCBuildConfiguration;
			buildSettings = {
				ALWAYS_SEARCH_USER_PATHS = NO;
				ASSETCATALOG_COMPILER_GENERATE_SWIFT_ASSET_SYMBOL_EXTENSIONS = YES;
				CLANG_ANALYZER_NONNULL = YES;
				CLANG_ANALYZER_NUMBER_OBJECT_CONVERSION = YES_AGGRESSIVE;
				CLANG_CXX_LANGUAGE_STANDARD = "gnu++20";
				CLANG_ENABLE_MODULES = YES;
				CLANG_ENABLE_OBJC_ARC = YES;
				CLANG_ENABLE_OBJC_WEAK = YES;
				CLANG_WARN_BLOCK_CAPTURE_AUTORELEASING = YES;
				CLANG_WARN_BOOL_CONVERSION = YES;
				CLANG_WARN_COMMA = YES;
				CLANG_WARN_CONSTANT_CONVERSION = YES;
				CLANG_WARN_DEPRECATED_OBJC_IMPLEMENTATIONS = YES;
				CLANG_WARN_DIRECT_OBJC_ISA_USAGE = YES_ERROR;
				CLANG_WARN_DOCUMENTATION_COMMENTS = YES;
				CLANG_WARN_EMPTY_BODY = YES;
				CLANG_WARN_ENUM_CONVERSION = YES;
				CLANG_WARN_INFINITE_RECURSION = YES;
				CLANG_WARN_INT_CONVERSION = YES;
				CLANG_WARN_NON_LITERAL_NULL_CONVERSION = YES;
				CLANG_WARN_OBJC_IMPLICIT_RETAIN_SELF = YES;
				CLANG_WARN_OBJC_LITERAL_CONVERSION = YES;
				CLANG_WARN_OBJC_ROOT_CLASS = YES_ERROR;
				CLANG_WARN_QUOTED_INCLUDE_IN_FRAMEWORK_HEADER = YES;
				CLANG_WARN_RANGE_LOOP_ANALYSIS = YES;
				CLANG_WARN_STRICT_PROTOTYPES = YES;
				CLANG_WARN_SUSPICIOUS_MOVE = YES;
				CLANG_WARN_UNGUARDED_AVAILABILITY = YES_AGGRESSIVE;
				CLANG_WARN_UNREACHABLE_CODE = YES;
				CLANG_WARN__DUPLICATE_METHOD_MATCH = YES;
				COPY_PHASE_STRIP = NO;
				DEBUG_INFORMATION_FORMAT = dwarf;
				ENABLE_STRICT_OBJC_MSGSEND = YES;
				ENABLE_TESTABILITY = YES;
				ENABLE_USER_SCRIPT_SANDBOXING = YES;
				GCC_C_LANGUAGE_STANDARD = gnu17;
				GCC_DYNAMIC_NO_PIC = NO;
				GCC_NO_COMMON_BLOCKS = YES;
				GCC_OPTIMIZATION_LEVEL = 0;
				GCC_PREPROCESSOR_DEFINITIONS = (
					"DEBUG=1",
					"$(inherited)",
				);
				GCC_WARN_64_TO_32_BIT_CONVERSION = YES;
				GCC_WARN_ABOUT_RETURN_TYPE = YES_ERROR;
				GCC_WARN_UNDECLARED_SELECTOR = YES;
				GCC_WARN_UNINITIALIZED_AUTOS = YES_AGGRESSIVE;
				GCC_WARN_UNUSED_FUNCTION = YES;
				GCC_WARN_UNUSED_VARIABLE = YES;
				IPHONEOS_DEPLOYMENT_TARGET = 17.5;
				LOCALIZATION_PREFERS_STRING_CATALOGS = YES;
				MTL_ENABLE_DEBUG_INFO = INCLUDE_SOURCE;
				MTL_FAST_MATH = YES;
				ONLY_ACTIVE_ARCH = YES;
				SDKROOT = iphoneos;
				SWIFT_ACTIVE_COMPILATION_CONDITIONS = "DEBUG $(inherited)";
				SWIFT_OPTIMIZATION_LEVEL = "-Onone";
			};
			name = Debug;
		};
		EE98E29B2D92A9E200E6CCC4 /* Release */ = {
			isa = XCBuildConfiguration;
			buildSettings = {
				ALWAYS_SEARCH_USER_PATHS = NO;
				ASSETCATALOG_COMPILER_GENERATE_SWIFT_ASSET_SYMBOL_EXTENSIONS = YES;
				CLANG_ANALYZER_NONNULL = YES;
				CLANG_ANALYZER_NUMBER_OBJECT_CONVERSION = YES_AGGRESSIVE;
				CLANG_CXX_LANGUAGE_STANDARD = "gnu++20";
				CLANG_ENABLE_MODULES = YES;
				CLANG_ENABLE_OBJC_ARC = YES;
				CLANG_ENABLE_OBJC_WEAK = YES;
				CLANG_WARN_BLOCK_CAPTURE_AUTORELEASING = YES;
				CLANG_WARN_BOOL_CONVERSION = YES;
				CLANG_WARN_COMMA = YES;
				CLANG_WARN_CONSTANT_CONVERSION = YES;
				CLANG_WARN_DEPRECATED_OBJC_IMPLEMENTATIONS = YES;
				CLANG_WARN_DIRECT_OBJC_ISA_USAGE = YES_ERROR;
				CLANG_WARN_DOCUMENTATION_COMMENTS = YES;
				CLANG_WARN_EMPTY_BODY = YES;
				CLANG_WARN_ENUM_CONVERSION = YES;
				CLANG_WARN_INFINITE_RECURSION = YES;
				CLANG_WARN_INT_CONVERSION = YES;
				CLANG_WARN_NON_LITERAL_NULL_CONVERSION = YES;
				CLANG_WARN_OBJC_IMPLICIT_RETAIN_SELF = YES;
				CLANG_WARN_OBJC_LITERAL_CONVERSION = YES;
				CLANG_WARN_OBJC_ROOT_CLASS = YES_ERROR;
				CLANG_WARN_QUOTED_INCLUDE_IN_FRAMEWORK_HEADER = YES;
				CLANG_WARN_RANGE_LOOP_ANALYSIS = YES;
				CLANG_WARN_STRICT_PROTOTYPES = YES;
				CLANG_WARN_SUSPICIOUS_MOVE = YES;
				CLANG_WARN_UNGUARDED_AVAILABILITY = YES_AGGRESSIVE;
				CLANG_WARN_UNREACHABLE_CODE = YES;
				CLANG_WARN__DUPLICATE_METHOD_MATCH = YES;
				COPY_PHASE_STRIP = NO;
				DEBUG_INFORMATION_FORMAT = "dwarf-with-dsym";
				ENABLE_NS_ASSERTIONS = NO;
				ENABLE_STRICT_OBJC_MSGSEND = YES;
				ENABLE_USER_SCRIPT_SANDBOXING = YES;
				GCC_C_LANGUAGE_STANDARD = gnu17;
				GCC_NO_COMMON_BLOCKS = YES;
				GCC_WARN_64_TO_32_BIT_CONVERSION = YES;
				GCC_WARN_ABOUT_RETURN_TYPE = YES_ERROR;
				GCC_WARN_UNDECLARED_SELECTOR = YES;
				GCC_WARN_UNINITIALIZED_AUTOS = YES_AGGRESSIVE;
				GCC_WARN_UNUSED_FUNCTION = YES;
				GCC_WARN_UNUSED_VARIABLE = YES;
				IPHONEOS_DEPLOYMENT_TARGET = 17.5;
				LOCALIZATION_PREFERS_STRING_CATALOGS = YES;
				MTL_ENABLE_DEBUG_INFO = NO;
				MTL_FAST_MATH = YES;
				SDKROOT = iphoneos;
				SWIFT_COMPILATION_MODE = wholemodule;
				VALIDATE_PRODUCT = YES;
			};
			name = Release;
		};
		EE98E29D2D92A9E200E6CCC4 /* Debug */ = {
			isa = XCBuildConfiguration;
			buildSettings = {
				ASSETCATALOG_COMPILER_APPICON_NAME = AppIcon;
				ASSETCATALOG_COMPILER_GLOBAL_ACCENT_COLOR_NAME = AccentColor;
				CODE_SIGN_STYLE = Automatic;
				CURRENT_PROJECT_VERSION = 1;
				DEVELOPMENT_ASSET_PATHS = "\"WatchMeLater/Preview Content\"";
				ENABLE_PREVIEWS = YES;
				GENERATE_INFOPLIST_FILE = YES;
				INFOPLIST_KEY_UIApplicationSceneManifest_Generation = YES;
				INFOPLIST_KEY_UIApplicationSupportsIndirectInputEvents = YES;
				INFOPLIST_KEY_UILaunchScreen_Generation = YES;
				INFOPLIST_KEY_UISupportedInterfaceOrientations_iPad = "UIInterfaceOrientationPortrait UIInterfaceOrientationPortraitUpsideDown UIInterfaceOrientationLandscapeLeft UIInterfaceOrientationLandscapeRight";
				INFOPLIST_KEY_UISupportedInterfaceOrientations_iPhone = "UIInterfaceOrientationPortrait UIInterfaceOrientationLandscapeLeft UIInterfaceOrientationLandscapeRight";
				LD_RUNPATH_SEARCH_PATHS = (
					"$(inherited)",
					"@executable_path/Frameworks",
				);
				MARKETING_VERSION = 1.0;
				PRODUCT_BUNDLE_IDENTIFIER = Arhan.WatchMeLater;
				PRODUCT_NAME = "$(TARGET_NAME)";
				SWIFT_EMIT_LOC_STRINGS = YES;
				SWIFT_VERSION = 5.0;
				TARGETED_DEVICE_FAMILY = "1,2";
			};
			name = Debug;
		};
		EE98E29E2D92A9E200E6CCC4 /* Release */ = {
			isa = XCBuildConfiguration;
			buildSettings = {
				ASSETCATALOG_COMPILER_APPICON_NAME = AppIcon;
				ASSETCATALOG_COMPILER_GLOBAL_ACCENT_COLOR_NAME = AccentColor;
				CODE_SIGN_STYLE = Automatic;
				CURRENT_PROJECT_VERSION = 1;
				DEVELOPMENT_ASSET_PATHS = "\"WatchMeLater/Preview Content\"";
				ENABLE_PREVIEWS = YES;
				GENERATE_INFOPLIST_FILE = YES;
				INFOPLIST_KEY_UIApplicationSceneManifest_Generation = YES;
				INFOPLIST_KEY_UIApplicationSupportsIndirectInputEvents = YES;
				INFOPLIST_KEY_UILaunchScreen_Generation = YES;
				INFOPLIST_KEY_UISupportedInterfaceOrientations_iPad = "UIInterfaceOrientationPortrait UIInterfaceOrientationPortraitUpsideDown UIInterfaceOrientationLandscapeLeft UIInterfaceOrientationLandscapeRight";
				INFOPLIST_KEY_UISupportedInterfaceOrientations_iPhone = "UIInterfaceOrientationPortrait UIInterfaceOrientationLandscapeLeft UIInterfaceOrientationLandscapeRight";
				LD_RUNPATH_SEARCH_PATHS = (
					"$(inherited)",
					"@executable_path/Frameworks",
				);
				MARKETING_VERSION = 1.0;
				PRODUCT_BUNDLE_IDENTIFIER = Arhan.WatchMeLater;
				PRODUCT_NAME = "$(TARGET_NAME)";
				SWIFT_EMIT_LOC_STRINGS = YES;
				SWIFT_VERSION = 5.0;
				TARGETED_DEVICE_FAMILY = "1,2";
			};
			name = Release;
		};
/* End XCBuildConfiguration section */

/* Begin XCConfigurationList section */
		EE98E2892D92A9E000E6CCC4 /* Build configuration list for PBXProject "WatchMeLater" */ = {
			isa = XCConfigurationList;
			buildConfigurations = (
				EE98E29A2D92A9E200E6CCC4 /* Debug */,
				EE98E29B2D92A9E200E6CCC4 /* Release */,
			);
			defaultConfigurationIsVisible = 0;
			defaultConfigurationName = Release;
		};
		EE98E29C2D92A9E200E6CCC4 /* Build configuration list for PBXNativeTarget "WatchMeLater" */ = {
			isa = XCConfigurationList;
			buildConfigurations = (
				EE98E29D2D92A9E200E6CCC4 /* Debug */,
				EE98E29E2D92A9E200E6CCC4 /* Release */,
			);
			defaultConfigurationIsVisible = 0;
			defaultConfigurationName = Release;
		};
/* End XCConfigurationList section */
	};
	rootObject = EE98E2862D92A9E000E6CCC4 /* Project object */;
}
